{
  "name": "vue-hugo-netlify-spa-demo",
  "version": "0.0.1",
  "lockfileVersion": 2,
  "requires": true,
  "packages": {
    "": {
      "name": "vue-hugo-netlify-spa-demo",
      "version": "0.0.1",
      "license": "MIT",
      "dependencies": {
        "@luaguillande/scss_helpers": "^1.5.5"
      }
    },
    "node_modules/@luaguillande/scss_helpers": {
      "version": "1.5.5",
      "resolved": "https://registry.npmjs.org/@luaguillande/scss_helpers/-/scss_helpers-1.5.5.tgz",
      "integrity": "sha512-reL/LjcqzPpEXMRETd7aMTWpw8lH/lHvHZq2yOROoFeZ2EeWULtKs7PtBMhLoBPJIDKkTFrFNn8EWaRKN6AmZQ=="
    }
  },
  "dependencies": {
    "@luaguillande/scss_helpers": {
      "version": "1.5.5",
      "resolved": "https://registry.npmjs.org/@luaguillande/scss_helpers/-/scss_helpers-1.5.5.tgz",
      "integrity": "sha512-reL/LjcqzPpEXMRETd7aMTWpw8lH/lHvHZq2yOROoFeZ2EeWULtKs7PtBMhLoBPJIDKkTFrFNn8EWaRKN6AmZQ=="
    }
  }
}
